{
  "name": "self-improving-intent-security-agent",
  "version": "1.0.2",
  "lockfileVersion": 3,
  "requires": true,
  "packages": {
    "": {
      "name": "self-improving-intent-security-agent",
      "version": "1.0.2",
      "license": "MIT",
      "devDependencies": {},
      "engines": {
        "node": ">=18.0.0"
      }
    }
  }
}
